version = 1
revision = 3
requires-python = ">=3.14"
resolution-markers = [
    "python_full_version >= '3.15'",
    "python_full_version < '3.15'",
]

[[package]]
name = "colorama"
version = "0.4.6"
source = { registry = "https://pypi.org/simple" }
sdist = { url = "https://files.pythonhosted.org/packages/d8/53/6f443c9a4a8358a93a6792e2acffb9d9d5cb0a5cfd8802644b7b1c9a02e4/colorama-0.4.6.tar.gz", hash = "sha256:08695f5cb7ed6e0531a20572697297273c47b8cae5a63ffc6d6ed5c201be6e44", size = 27697, upload-time = "2022-10-25T02:36:22.414Z" }
wheels = [
    { url = "https://files.pythonhosted.org/packages/d1/d6/3965ed04c63042e047cb6a3e6ed1a63a35087b6a609aa3a15ed8ac56c221/colorama-0.4.6-py2.py3-none-any.whl", hash = "sha256:4f1d9991f5acc0ca119f9d443620b77f9d6b33703e51011c16baf57afb285fc6", size = 25335, upload-time = "2022-10-25T02:36:20.889Z" },
]

[[package]]
name = "demos-hw-stm32"
version = "0.0.0"
source = { virtual = "." }
dependencies = [
    { name = "playwright" },
]

[package.dev-dependencies]
dev = [
    { name = "pyrefly" },
    { name = "pytest" },
    { name = "ruff" },
]

[package.metadata]
requires-dist = [{ name = "playwright" }]

[package.metadata.requires-dev]
dev = [
    { name = "pyrefly" },
    { name = "pytest" },
    { name = "ruff" },
]

[[package]]
name = "greenlet"
version = "3.5.6"
source = { registry = "https://pypi.org/simple" }
sdist = { url = "https://files.pythonhosted.org/packages/3e/6e/0091f175ccd02b02bc8811bbcbcc6ac2e980be116e3b2f7a736ca322bf84/greenlet-3.5.6.tar.gz", hash = "sha256:8e67c43bdfc88d5fee6db0d3e40175b362fc95fb85f0412d233b9b203c53a575", size = 207653, upload-time = "2026-09-14T15:42:51.806Z" }
wheels = [
    { url = "https://files.pythonhosted.org/packages/66/c0/d254544ae2b8bdd311aef000fafc02828c2771b17d994b3075620ea7cc6e/greenlet-3.5.6-cp314-cp314-macosx_11_0_universal2.whl", hash = "sha256:8cddea1b8339451c2fb3388e138347b6126744f33b611bdb55b7357361cfef46", size = 295221, upload-time = "2026-09-14T14:25:11.583Z" },
    { url = "https://files.pythonhosted.org/packages/18/18/eb54be16b9cc3971e09ca5b73334e1b8c804a4630d9addaaf218a4fe300f/greenlet-3.5.6-cp314-cp314-manylinux_2_24_aarch64.manylinux_2_28_aarch64.whl", hash = "sha256:c59acfa8eb73a1e0d484392dc002bdf001fd4ce73394e0132df3d1ab6093d7cb", size = 660992, upload-time = "2026-09-14T15:12:04.876Z" },
    { url = "https://files.pythonhosted.org/packages/8f/b4/e193efe65671dcf294bc51fcc59efb52d154adf8612c4ea016da0d2c486c/greenlet-3.5.6-cp314-cp314-manylinux_2_24_ppc64le.manylinux_2_28_ppc64le.whl", hash = "sha256:a3b4a01c6da07ef9f80d4fe8933b994bc99747bcea3eab0330a9c34d3c12655b", size = 673428, upload-time = "2026-09-14T15:20:45.756Z" },
    { url = "https://files.pythonhosted.org/packages/fd/21/631bb45fafde1dca782152377c0676d182ec924820064047f533a3627b28/greenlet-3.5.6-cp314-cp314-manylinux_2_24_s390x.manylinux_2_28_s390x.whl", hash = "sha256:dd0b83bed3405b586a3133629f1d1a5bc7bfd64822a3b7ab342bdc68e6dbc61b", size = 677688, upload-time = "2026-09-14T15:25:09.279Z" },
    { url = "https://files.pythonhosted.org/packages/45/ac/28fa7a9e50f2859466214c4ac584d776db52c1604ad4dd158960a5af2a1f/greenlet-3.5.6-cp314-cp314-manylinux_2_24_x86_64.manylinux_2_28_x86_64.whl", hash = "sha256:9a09d59bef1db94f384b5bcc2d523694d338f3df6b757aeeaf7baca5d0c0be88", size = 670773, upload-time = "2026-09-14T14:36:02.577Z" },
    { url = "https://files.pythonhosted.org/packages/40/30/2b0a73e68e1e18e30b601d0d183cfdfc2beca4de5a6843c630f0fc9fb90c/greenlet-3.5.6-cp314-cp314-manylinux_2_39_riscv64.whl", hash = "sha256:fdacf26402389bdd89857ad3c045a26fe8f3314f9a8b28226f82f88463a65b77", size = 480475, upload-time = "2026-09-14T15:28:40.741Z" },
    { url = "https://files.pythonhosted.org/packages/c3/cd/fb7d6cdd86ff3427c1494854f0e35437eba05142be91f530f6da75e09e19/greenlet-3.5.6-cp314-cp314-musllinux_1_2_aarch64.whl", hash = "sha256:8b7c73d1cef3d9ae963e9ff03f6222df43efbb9054ffd2f1969c935b7fc84c02", size = 1631900, upload-time = "2026-09-14T15:10:09.745Z" },
    { url = "https://files.pythonhosted.org/packages/f6/40/143bdbb20a516628cb15074ae52ed17d850b450292609c7a6fccac6dbece/greenlet-3.5.6-cp314-cp314-musllinux_1_2_x86_64.whl", hash = "sha256:8b27df301f56e3b3d2298095c8f7d6b68f2521f6b1693e901fa039bdbae34424", size = 1693740, upload-time = "2026-09-14T14:35:52.959Z" },
    { url = "https://files.pythonhosted.org/packages/c9/9e/019642432e6ae283301df1361227d47610709d2dc69a38f95edef266d713/greenlet-3.5.6-cp314-cp314-win_amd64.whl", hash = "sha256:f8f0bd690e1a41294ac87905e8121c81a3761ec2583c768f13467428606c8c7a", size = 327473, upload-time = "2026-09-14T14:28:12.948Z" },
    { url = "https://files.pythonhosted.org/packages/e9/7f/8aafc7bf70c948786dba7221d0dc0838e5329bebc6d434ef2208b4f0e760/greenlet-3.5.6-cp314-cp314-win_arm64.whl", hash = "sha256:8cda13494d86a4f12429641117cb6ac4bbbc9c30a33f711f7d3a2e5fbe4b0b7e", size = 311095, upload-time = "2026-09-14T14:28:00.7Z" },
    { url = "https://files.pythonhosted.org/packages/14/7e/7a205688a5b3074933b18a906608d46d106e9a79d776bdab5a4abf4b4feb/greenlet-3.5.6-cp314-cp314t-macosx_11_0_universal2.whl", hash = "sha256:97c5a53e8c1754df58e73f047a99e287d4da1bdfe64b0072fb25c87000897951", size = 305352, upload-time = "2026-09-14T14:21:31.962Z" },
    { url = "https://files.pythonhosted.org/packages/78/cb/9c4a57a9d9dd0256e20b8f7f4f06554c2c92badebf0ab73ce344321b78b9/greenlet-3.5.6-cp314-cp314t-manylinux_2_24_aarch64.manylinux_2_28_aarch64.whl", hash = "sha256:fea4427d1ffdb3b523d7daa6712038428a4c16c450b9777bdd1221cfee0eab49", size = 672671, upload-time = "2026-09-14T15:12:06.347Z" },
    { url = "https://files.pythonhosted.org/packages/97/52/c6729681ebbd298f4decd28746815acc8a0b0a0fde21d2df33776fd4d042/greenlet-3.5.6-cp314-cp314t-manylinux_2_24_ppc64le.manylinux_2_28_ppc64le.whl", hash = "sha256:73a29b5ba642e35433166a03a3e02935e7238c4b3467fbd77523b99edea23e5b", size = 679489, upload-time = "2026-09-14T15:20:47.291Z" },
    { url = "https://files.pythonhosted.org/packages/71/76/3c11c21e0716b1f1dc7c1a4b3d690abb1d3b448c69a9d32049fecb64010a/greenlet-3.5.6-cp314-cp314t-manylinux_2_24_s390x.manylinux_2_28_s390x.whl", hash = "sha256:61a61b4a95a4f97922c3a6f5606d3e360851584bd47e500a5161373c53810e3d", size = 681303, upload-time = "2026-09-14T15:25:11.088Z" },
    { url = "https://files.pythonhosted.org/packages/58/c5/2b6c721ba8b8963da42d5a0f57f25b8aaeb1fe9bdd156875e57f3be648a2/greenlet-3.5.6-cp314-cp314t-manylinux_2_24_x86_64.manylinux_2_28_x86_64.whl", hash = "sha256:460e70b033aba8ed47e2ac9b5d0d2157b05a34fbfa30a241400aef4118902cdc", size = 676608, upload-time = "2026-09-14T14:36:03.959Z" },
    { url = "https://files.pythonhosted.org/packages/3f/26/3ae402202452cd5941bbbd483e5a74297e2397e7aa3182c2a5e3ab7d5666/greenlet-3.5.6-cp314-cp314t-manylinux_2_39_riscv64.whl", hash = "sha256:fe3170a69fe039b18ad18171e66faa9a75f6fe9d78f968fd9b54e09fbd714d81", size = 510112, upload-time = "2026-09-14T15:28:42.112Z" },
    { url = "https://files.pythonhosted.org/packages/b2/04/0d018e0d05bcdde19a0fcb907834155f1fc853a9bedd3f3f5e6acadcae19/greenlet-3.5.6-cp314-cp314t-musllinux_1_2_aarch64.whl", hash = "sha256:ca80a49b53ed1d22f7282da7255f7bb2fd1935fd0f623d8613fda38745f18961", size = 1641479, upload-time = "2026-09-14T15:10:11.216Z" },
    { url = "https://files.pythonhosted.org/packages/59/bb/f02ef9073919158f6403fe3701d4ed4403d646720e7201dfc6e9d264bac3/greenlet-3.5.6-cp314-cp314t-musllinux_1_2_x86_64.whl", hash = "sha256:916f92f2a8db10508f739d0b5e00b83defe5d1115a997c54532a6d7cf8c95404", size = 1698758, upload-time = "2026-09-14T14:35:54.336Z" },
    { url = "https://files.pythonhosted.org/packages/08/a5/1f48fe647473a2dcccfd1839b2ff2c78eb57009be776b4da071e901c9bff/greenlet-3.5.6-cp314-cp314t-win_amd64.whl", hash = "sha256:886bcf1870af74c32bc310fd00a6b803445e17e51b7d5a107c7b35c0f362cc16", size = 331574, upload-time = "2026-09-14T14:27:18.451Z" },
    { url = "https://files.pythonhosted.org/packages/cd/72/3882855a75838faeb54a58aeef4fd77d20b2a86d4bad570c70d41b565dcf/greenlet-3.5.6-cp315-cp315-macosx_11_0_universal2.whl", hash = "sha256:3ac3494c381dab876cad7d0b22f3a722f3e0c8deb3a65b9e7f35ad7f58b8fcb3", size = 295926, upload-time = "2026-09-14T14:27:21.16Z" },
    { url = "https://files.pythonhosted.org/packages/10/1f/be4d957d8a9b90bcbe8db206548a42134d96222d43e5ed3fc4708fb6e24b/greenlet-3.5.6-cp315-cp315-manylinux_2_24_aarch64.manylinux_2_28_aarch64.whl", hash = "sha256:602024dae6d77e161f4b89491b62ca1d4f19949d79d47b2db057e476d21179d6", size = 666910, upload-time = "2026-09-14T15:12:07.901Z" },
    { url = "https://files.pythonhosted.org/packages/a1/af/60d62571a7d6de961e4ce7625d6c2faf359345659fc782d2cdf517c34577/greenlet-3.5.6-cp315-cp315-manylinux_2_24_ppc64le.manylinux_2_28_ppc64le.whl", hash = "sha256:f8e63209c3e1e828ee6a457529b4a6d8b05d050fe0ae03a7ae49e967c5d312e0", size = 677415, upload-time = "2026-09-14T15:20:48.817Z" },
    { url = "https://files.pythonhosted.org/packages/f5/41/b3114c97c10e796010f00a30f51c81470072bca4b53e396ccca87484fcf7/greenlet-3.5.6-cp315-cp315-manylinux_2_24_s390x.manylinux_2_28_s390x.whl", hash = "sha256:9133d68624b1f2e89ec2f554d56aea8a5b0d7168cd9320200ba58d4d794845a4", size = 681337, upload-time = "2026-09-14T15:25:12.812Z" },
    { url = "https://files.pythonhosted.org/packages/fb/16/ac9e547b611539aaed1870eb1d6ddc57abdd5924b3a99bb9b5f0b44176b8/greenlet-3.5.6-cp315-cp315-manylinux_2_24_x86_64.manylinux_2_28_x86_64.whl", hash = "sha256:ccadce0130fd813ec86ebfe969a6c58b42acc1d0fe55a47525375b740e07b605", size = 675927, upload-time = "2026-09-14T14:36:05.34Z" },
    { url = "https://files.pythonhosted.org/packages/48/1b/d41861c2fa00968e39e467a495ca8db9ce9b6310a5d9b57561b3d0dc48fa/greenlet-3.5.6-cp315-cp315-manylinux_2_39_riscv64.whl", hash = "sha256:5adcbbfe78bdc242c71740a02e0991cc1b2f34d33c8bb15ca45eee8fd1140942", size = 487339, upload-time = "2026-09-14T15:28:43.497Z" },
    { url = "https://files.pythonhosted.org/packages/c4/b1/b7ba08d6431121741f1d30be0d5d292e76873325179a63586cd9217b62f6/greenlet-3.5.6-cp315-cp315-musllinux_1_2_aarch64.whl", hash = "sha256:9297fb9c39b9a2c039dbcd306c410bd6906b95244dec3bba4318d36c718c164c", size = 1637236, upload-time = "2026-09-14T15:10:12.442Z" },
    { url = "https://files.pythonhosted.org/packages/af/c5/3b1cbc68f0c082022fc8717f7fe4b8b13b8d583c52352be37f4e9f55bcd2/greenlet-3.5.6-cp315-cp315-musllinux_1_2_x86_64.whl", hash = "sha256:b374e79ffa7511afc11773aef40a4ccea6191fba1c856ea2f9c56738dca69d7a", size = 1698526, upload-time = "2026-09-14T14:35:56.039Z" },
    { url = "https://files.pythonhosted.org/packages/de/56/12941ed2711400451c89d544e10f831800a2770f19dd55eac8f0f7f2003b/greenlet-3.5.6-cp315-cp315-win_amd64.whl", hash = "sha256:7969bffa322c097bd46ae595ada6a931cefda613f18ba64587e9cff4cb320756", size = 327739, upload-time = "2026-09-14T14:23:55.768Z" },
    { url = "https://files.pythonhosted.org/packages/c5/3b/576b9ed5ac929252e340cf60b4bcb6a8515350dc20797064b1922dc4ea75/greenlet-3.5.6-cp315-cp315-win_arm64.whl", hash = "sha256:8dba0129b93e7091dfefaf4cf7000172741bff7f47bf6326fcf17f32fbb54d6b", size = 311715, upload-time = "2026-09-14T14:28:25.154Z" },
    { url = "https://files.pythonhosted.org/packages/16/c2/86cfc5555a98e12b86966ddbd24fd39af32f71f2f785c6595b7feb2db156/greenlet-3.5.6-cp315-cp315t-macosx_11_0_universal2.whl", hash = "sha256:de3de000d459402cda015068fd135aa50c0bf6f2477a80d4da1e646f123b4e78", size = 306244, upload-time = "2026-09-14T14:27:57.565Z" },
    { url = "https://files.pythonhosted.org/packages/14/6d/83ffc9d05a75a80ab3a7595dbb1d9604e5d4fc2996d73a8ae2dbd1284900/greenlet-3.5.6-cp315-cp315t-manylinux_2_24_aarch64.manylinux_2_28_aarch64.whl", hash = "sha256:45663c01a4de48b9a64a2ee1509d92d1dfd3afb02b2ccfc9333029d11aef996a", size = 676578, upload-time = "2026-09-14T15:12:09.468Z" },
    { url = "https://files.pythonhosted.org/packages/5d/d6/c2cf684810e5caded075970aaadea654ecb58b8382b9aecf1d231b936894/greenlet-3.5.6-cp315-cp315t-manylinux_2_24_ppc64le.manylinux_2_28_ppc64le.whl", hash = "sha256:3deccbb57a481e3a408fe61cdfd5c13e0678fc0a30fdd09597917ca87b4be877", size = 684203, upload-time = "2026-09-14T15:20:50.261Z" },
    { url = "https://files.pythonhosted.org/packages/f2/d1/039c353d5593a97a89699e989324c9bc86af499e6c6152fe0180f5742204/greenlet-3.5.6-cp315-cp315t-manylinux_2_24_s390x.manylinux_2_28_s390x.whl", hash = "sha256:63aff70fe5aac59c72215f42ec39fcb59ff46774fa966e717f8ecb6ee2273577", size = 686023, upload-time = "2026-09-14T15:25:14.528Z" },
    { url = "https://files.pythonhosted.org/packages/62/19/00e1bee5d2af890dc8f400b54d0b0f9b489965f92bc12b407ff72cc6f469/greenlet-3.5.6-cp315-cp315t-manylinux_2_24_x86_64.manylinux_2_28_x86_64.whl", hash = "sha256:311018b46472fb26ee85870847fb89eb64cc8aaddb617400789d87076f7cfeec", size = 681253, upload-time = "2026-09-14T14:36:06.742Z" },
    { url = "https://files.pythonhosted.org/packages/8a/62/97ceb8e0b2ea96046cdf8e95b042715020ebb12d83ea0690db80a8f03d23/greenlet-3.5.6-cp315-cp315t-manylinux_2_39_riscv64.whl", hash = "sha256:520648db8fb92eef7b3e6013f5a6f901cdf0d6685f639c2f7a245879f865bef7", size = 517058, upload-time = "2026-09-14T15:28:44.924Z" },
    { url = "https://files.pythonhosted.org/packages/89/58/c9275fd0ca195d1d3402931bcce8cfcc74726ff76efb1883d229e6e1a3d7/greenlet-3.5.6-cp315-cp315t-musllinux_1_2_aarch64.whl", hash = "sha256:7f924a5a9d5890649566f2f6682e0d8ad8ca23028bacffbbac36dbd7fd680176", size = 1645988, upload-time = "2026-09-14T15:10:13.758Z" },
    { url = "https://files.pythonhosted.org/packages/e0/36/b35747582fa4f1a5453f8f3002405dbac788e450cec7674dc2d204b6ccb5/greenlet-3.5.6-cp315-cp315t-musllinux_1_2_x86_64.whl", hash = "sha256:de9923832f2d8c1a5ecd8d7260465a6ca5a86888a0d129e3bd5cf0406d2fc5bf", size = 1702383, upload-time = "2026-09-14T14:35:58.143Z" },
    { url = "https://files.pythonhosted.org/packages/ed/69/6ec22ac9351e474d2a134d0ff9400dc80362d1c20f0721088ffffdfc205b/greenlet-3.5.6-cp315-cp315t-win_amd64.whl", hash = "sha256:2ab5f42ac6c238eb71770715e6e909ad9a1a92b6c681ccb64cd5a0f07edb953f", size = 331845, upload-time = "2026-09-14T14:27:41.723Z" },
    { url = "https://files.pythonhosted.org/packages/30/cf/697c051fd534e223461fb8b523890e21a24eeca229cd50624cff6f02fabd/greenlet-3.5.6-cp315-cp315t-win_arm64.whl", hash = "sha256:f9fe868463ec7e1363733af77e38a5fda3e9b63940337048c945d69e0c80ff24", size = 315070, upload-time = "2026-09-14T14:22:21.476Z" },
]

[[package]]
name = "iniconfig"
version = "2.3.1"
source = { registry = "https://pypi.org/simple" }
sdist = { url = "https://files.pythonhosted.org/packages/01/e1/2069291243c926a2ff1cd706c7f3eeb9b62144bf60f77c9fb9ff2fb26bd3/iniconfig-2.3.1.tar.gz", hash = "sha256:67f4b9c50da0dedf52af349e7749a80a9057a5031199791b906c3bb3ae878960", size = 21209, upload-time = "2026-10-06T22:48:38.076Z" }
wheels = [
    { url = "https://files.pythonhosted.org/packages/56/43/4ca9e49d27a1fcf6bece6f6aec0ea46bb9112489b93d4b688fb415457bdb/iniconfig-2.3.1-py3-none-any.whl", hash = "sha256:9121e2c1fdb355232495be3194c8dfe87ccc2d5dee45947b78e68f499790d7a7", size = 7552, upload-time = "2026-10-06T22:48:36.959Z" },
]

[[package]]
name = "packaging"
version = "26.3"
source = { registry = "https://pypi.org/simple" }
sdist = { url = "https://files.pythonhosted.org/packages/7d/fa/3944b40b07da9ce895c0e6303a5ab7d53da063554f534556b134a54d6093/packaging-26.3.tar.gz", hash = "sha256:94edc256424af38762eb31306eed28beb9f0efc50a8837492c9d6fd6004aed79", size = 313412, upload-time = "2026-08-04T18:15:28.737Z" }
wheels = [
    { url = "https://files.pythonhosted.org/packages/63/34/ba1c580383c9eada3711951fef0795c80b829a078d72188184bcab9dd527/packaging-26.3-py3-none-any.whl", hash = "sha256:d7193f7c8e4e93f444fde0262bf90af30e16fa0ad0ad44cb553c87339b23cd1c", size = 129956, upload-time = "2026-08-04T18:15:27.159Z" },
]

[[package]]
name = "playwright"
version = "1.63.0"
source = { registry = "https://pypi.org/simple" }
dependencies = [
    { name = "greenlet" },
    { name = "pyee" },
]
wheels = [
    { url = "https://files.pythonhosted.org/packages/19/dd/fbb3d34228ad753bc14464d5f2252585b73367539775a88d0a3949cf5a45/playwright-1.63.0-py3-none-macosx_10_13_x86_64.whl", hash = "sha256:84c540759e8e7f01e690e197e04060f48899d37cea322299f255843273d3385d", size = 44278407, upload-time = "2026-09-15T16:49:06.045Z" },
    { url = "https://files.pythonhosted.org/packages/f5/9a/948b930b1a8c4ee869e5a139a2b7747caa06aab56a3f09a2f0abdcbda221/playwright-1.63.0-py3-none-macosx_11_0_arm64.whl", hash = "sha256:fd1aa00631d44d55e56e0975bf3f3f285fac4a9fd2813183f0c12a488f1a1b24", size = 42944679, upload-time = "2026-09-15T16:49:10.039Z" },
    { url = "https://files.pythonhosted.org/packages/94/11/dc5c13fa1602371603acd461be47529c1b3513815d3a0dc98f642c291a10/playwright-1.63.0-py3-none-macosx_11_0_universal2.whl", hash = "sha256:c89fc4736502a1f0fac2c8ca5d10c0cbc1c669f1f4774a2d8507a43140e4d53f", size = 44278410, upload-time = "2026-09-15T16:49:13.861Z" },
    { url = "https://files.pythonhosted.org/packages/27/9c/103a5037789062bdab27c7dca53f3ca6b075b572ab2cd96eec825b3aec4e/playwright-1.63.0-py3-none-manylinux1_x86_64.whl", hash = "sha256:ad21bc07516b187965a7521c5cf0df0bd657b17482eaad74335272d35a2b07de", size = 48217159, upload-time = "2026-09-15T16:49:17.404Z" },
    { url = "https://files.pythonhosted.org/packages/f3/82/3d85505284c5a210f2da6c07b8f757524e79d1fba9cfdafe1eafb766ae59/playwright-1.63.0-py3-none-manylinux_2_17_aarch64.manylinux2014_aarch64.whl", hash = "sha256:354e15b29503565fc598b89f16fbe070459343bef9d7498a93e304864000c6a7", size = 47902708, upload-time = "2026-09-15T16:49:21.055Z" },
    { url = "https://files.pythonhosted.org/packages/69/8d/f74ff6b52751859f4b69caf66aa7d4a3c8d6c1f0c7dc9920da103612ee39/playwright-1.63.0-py3-none-win32.whl", hash = "sha256:660c00c62639e31b16700ba5456b351ddba55bb766b7ce8261223aa34928e482", size = 38606075, upload-time = "2026-09-15T16:49:29.546Z" },
    { url = "https://files.pythonhosted.org/packages/76/eb/d6b8d92658038e260dbc7dd69fb3fdbe245aac283953de8b50b02bfe5f61/playwright-1.63.0-py3-none-win_amd64.whl", hash = "sha256:2f9a707a6c6c91157ed77bff2b8caeb04b3c8d46e70d585fc134298cbe4b5cc6", size = 38606082, upload-time = "2026-09-15T16:49:32.838Z" },
    { url = "https://files.pythonhosted.org/packages/be/75/2432b3e3c7c62103b72d4c4cc8b16a56383ada372bbb0d1278591e988f71/playwright-1.63.0-py3-none-win_arm64.whl", hash = "sha256:1e4a3a838ce22fb68ad17193fcd142a19610d9d70fb9966d2239f5dddc0cc05b", size = 34523554, upload-time = "2026-09-15T16:49:36.455Z" },
]

[[package]]
name = "pluggy"
version = "1.6.0"
source = { registry = "https://pypi.org/simple" }
sdist = { url = "https://files.pythonhosted.org/packages/f9/e2/3e91f31a7d2b083fe6ef3fa267035b518369d9511ffab804f839851d2779/pluggy-1.6.0.tar.gz", hash = "sha256:7dcc130b76258d33b90f61b658791dede3486c3e6bfb003ee5c9bfb396dd22f3", size = 69412, upload-time = "2025-05-15T12:30:07.975Z" }
wheels = [
    { url = "https://files.pythonhosted.org/packages/54/20/4d324d65cc6d9205fabedc306948156824eb9f0ee1633355a8f7ec5c66bf/pluggy-1.6.0-py3-none-any.whl", hash = "sha256:e920276dd6813095e9377c0bc5566d94c932c33b27a3e3945d8389c374dd4746", size = 20538, upload-time = "2025-05-15T12:30:06.134Z" },
]

[[package]]
name = "pyee"
version = "13.0.1"
source = { registry = "https://pypi.org/simple" }
dependencies = [
    { name = "typing-extensions" },
]
sdist = { url = "https://files.pythonhosted.org/packages/8b/04/e7c1fe4dc78a6fdbfd6c337b1c3732ff543b8a397683ab38378447baa331/pyee-13.0.1.tar.gz", hash = "sha256:0b931f7c14535667ed4c7e0d531716368715e860b988770fc7eb8578d1f67fc8", size = 31655, upload-time = "2026-02-14T21:12:28.044Z" }
wheels = [
    { url = "https://files.pythonhosted.org/packages/a0/c4/b4d4827c93ef43c01f599ef31453ccc1c132b353284fc6c87d535c233129/pyee-13.0.1-py3-none-any.whl", hash = "sha256:af2f8fede4171ef667dfded53f96e2ed0d6e6bd7ee3bb46437f77e3b57689228", size = 15659, upload-time = "2026-02-14T21:12:26.263Z" },
]

[[package]]
name = "pygments"
version = "2.21.0"
source = { registry = "https://pypi.org/simple" }
sdist = { url = "https://files.pythonhosted.org/packages/49/2e/ced460408999b33da6b31b0021b0f37d329e202d4169aeb164493778f25b/pygments-2.21.0.tar.gz", hash = "sha256:610ca751c9bc2492b38eb9a38a7fbc93edbbb2d7182edaf34e66ae493dee5c8c", size = 5005329, upload-time = "2026-08-17T08:02:48.824Z" }
wheels = [
    { url = "https://files.pythonhosted.org/packages/71/46/17f022dd3e953bf20a04a028a21ec746d942f8d2af30fa0f124fa0e6a684/pygments-2.21.0-py3-none-any.whl", hash = "sha256:2363c69b61c4a97c838da3b130dcd6468f4848992b21a82f2a63ec34377137d9", size = 1250147, upload-time = "2026-08-17T08:02:44.912Z" },
]

[[package]]
name = "pyrefly"
version = "1.3.2"
source = { registry = "https://pypi.org/simple" }
sdist = { url = "https://files.pythonhosted.org/packages/4d/78/b6ec12acb586606618c71ebe1008af59e1ca50e667895f1946fa7b656619/pyrefly-1.3.2.tar.gz", hash = "sha256:30a68ff5429a1546ec08a2d913dfe442c9553a2940d274de18833d8eda939b5e", size = 6679591, upload-time = "2026-09-28T22:10:06.292Z" }
wheels = [
    { url = "https://files.pythonhosted.org/packages/24/01/144a78839822abad55628881bcb45f8173e6d8b87976897c9105884b5a6b/pyrefly-1.3.2-py3-none-macosx_10_12_x86_64.whl", hash = "sha256:626dbaee16ae1169a10a4ba3293583b5ab0320102f35efaad9e03457a2fc646c", size = 15088488, upload-time = "2026-09-28T22:09:40.743Z" },
    { url = "https://files.pythonhosted.org/packages/23/aa/599756bd42e6533ee9261ebd288f846ab453b00debaef2b4789893967809/pyrefly-1.3.2-py3-none-macosx_11_0_arm64.whl", hash = "sha256:2d5fc704dbf0e990dc4f15cb1ead64f1a325ae27383a50c76cfcaf0387f926bb", size = 14429996, upload-time = "2026-09-28T22:09:43.316Z" },
    { url = "https://files.pythonhosted.org/packages/90/0c/4b0678889136b1514ecd25cec11974d5bfdaeaaf9f5fe8a766ca45ec4ab5/pyrefly-1.3.2-py3-none-manylinux_2_17_aarch64.manylinux2014_aarch64.whl", hash = "sha256:89dbe8a33e735fa96023c33ce5dfd81af9b0bdd2ee771e8d69b2ebffc7e0fbc7", size = 14871810, upload-time = "2026-09-28T22:09:45.42Z" },
    { url = "https://files.pythonhosted.org/packages/a6/4e/a96236391c6bb0d8b50af85e0ea6c0c56206f739931ac3031f9e000325ee/pyrefly-1.3.2-py3-none-manylinux_2_17_i686.manylinux2014_i686.whl", hash = "sha256:3ec0c31715d48bff279f548b85a93b5bc43d2c7bd1492a8cd703a9185cb089e5", size = 16113462, upload-time = "2026-09-28T22:09:47.619Z" },
    { url = "https://files.pythonhosted.org/packages/ad/c3/d4d0966aa7008ebd8481a6d05aa53202ad40c9597705eeee87ba6e0e2025/pyrefly-1.3.2-py3-none-manylinux_2_17_ppc64le.manylinux2014_ppc64le.whl", hash = "sha256:3b3de468bed691e40dc6271284c8dcc05e649d7ed45280ef3d07332741efe34c", size = 16043341, upload-time = "2026-09-28T22:09:50.083Z" },
    { url = "https://files.pythonhosted.org/packages/4f/d1/52d9ea1b7048c7316d9ff7594c170b1c06d37547a75d140c8deea7b9ddfd/pyrefly-1.3.2-py3-none-manylinux_2_17_x86_64.manylinux2014_x86_64.whl", hash = "sha256:cb94365fe5f854cb4fe82f600c4e2453160d328610b12981004851ee0b6e8aeb", size = 15437183, upload-time = "2026-09-28T22:09:52.56Z" },
    { url = "https://files.pythonhosted.org/packages/08/ec/24f83e4a397fa9d5c416bb4d378ee1bb18fe48bdd5698fe541636f5352f3/pyrefly-1.3.2-py3-none-musllinux_1_2_aarch64.whl", hash = "sha256:4f730d2e515ac25827fc68f343a7aa02b1072e0062df6a430346a4ffdfb5db2f", size = 14892976, upload-time = "2026-09-28T22:09:54.916Z" },
    { url = "https://files.pythonhosted.org/packages/29/c7/a473f8e9ec31ba0682ebe44f4e51167a22a4cbdc8bfd87365b9aca23be20/pyrefly-1.3.2-py3-none-musllinux_1_2_x86_64.whl", hash = "sha256:60f440e1626bd5cc4a41ee90cecba80796ed01ebd6c15d9f933efb8d07ffe2b8", size = 15469689, upload-time = "2026-09-28T22:09:57.541Z" },
    { url = "https://files.pythonhosted.org/packages/d0/df/779092365e8e469fc8e7349e1c26c35b8a73df9e6be80a00265fc26a2b2b/pyrefly-1.3.2-py3-none-win32.whl", hash = "sha256:b31684189de44a25a5bf00bdf3ad16be44a7b14654702d6018bce1043357202c", size = 14135550, upload-time = "2026-09-28T22:09:59.757Z" },
    { url = "https://files.pythonhosted.org/packages/9d/20/466333e7f2891f8c357b5c226559c39ba8dde4f90be09189ecc771a086f5/pyrefly-1.3.2-py3-none-win_amd64.whl", hash = "sha256:693960cdb247d1f76b9e09b3f2554dae20034f7d442ccd4e9b3e8962a3622363", size = 15067523, upload-time = "2026-09-28T22:10:02.099Z" },
    { url = "https://files.pythonhosted.org/packages/18/32/ee66df92c692c0686d82c9ecef3876ccb0386aa318bf507016f0121a8f78/pyrefly-1.3.2-py3-none-win_arm64.whl", hash = "sha256:f7424b21331670522980ff13e08bd143659879a4d92f4832282c7d7c41a9b5d6", size = 14348271, upload-time = "2026-09-28T22:10:04.253Z" },
]

[[package]]
name = "pytest"
version = "9.1.1"
source = { registry = "https://pypi.org/simple" }
dependencies = [
    { name = "colorama", marker = "sys_platform == 'win32'" },
    { name = "iniconfig" },
    { name = "packaging" },
    { name = "pluggy" },
    { name = "pygments" },
]
sdist = { url = "https://files.pythonhosted.org/packages/e4/47/b9efed96c114afcfa3c9d3fe98a76a1d14c74a9e266d397cf6eb64be5e01/pytest-9.1.1.tar.gz", hash = "sha256:1088fbde8f2b49d95a549a195707afa7a76a3ce9bcadc26b6d71f0ffda5fe313", size = 1636369, upload-time = "2026-06-19T10:58:32.857Z" }
wheels = [
    { url = "https://files.pythonhosted.org/packages/24/25/1de2678b631f5a49215c6c96fff41ba892b0a34df68d6d80292b1b48aa7f/pytest-9.1.1-py3-none-any.whl", hash = "sha256:37a86b45efb9a47a61a36449063e8e18d0cab3161329fc099eb21783169c4f0c", size = 386536, upload-time = "2026-06-19T10:58:31.347Z" },
]

[[package]]
name = "ruff"
version = "0.16.10"
source = { registry = "https://pypi.org/simple" }
sdist = { url = "https://files.pythonhosted.org/packages/c4/49/23802c45f093eb14bde54b141d2b2f058edfa63a06db7beed047308cc08f/ruff-0.16.10.tar.gz", hash = "sha256:eff4728c4eaae93f0955cd264d24b2ab348e74bf59986ccf282ba6dc16b3b017", size = 4958724, upload-time = "2026-10-01T18:03:21.697Z" }
wheels = [
    { url = "https://files.pythonhosted.org/packages/2f/21/ebce22e1d90cdb2cd691026b9c6e9bec6499f0b396089481755b5d49efff/ruff-0.16.10-py3-none-linux_armv6l.whl", hash = "sha256:488b0fe3f3574210e5cf80d9f59b9e3ab17a127a8155de3f307b392589cfb511", size = 10095557, upload-time = "2026-10-01T18:02:36.072Z" },
    { url = "https://files.pythonhosted.org/packages/cb/98/a54de85876a8b2612bfa0d84c7b9abfb39c6a3354aee7800b09c1649b9e3/ruff-0.16.10-py3-none-macosx_10_12_x86_64.whl", hash = "sha256:e748ff95c934c4e978783b8e687bc174e7bd84e8ad24e3243e1ecfcda5e0282d", size = 10340577, upload-time = "2026-10-01T18:02:39.258Z" },
    { url = "https://files.pythonhosted.org/packages/9f/16/1a5a4a2657effe4806110f2b907313802f1367fcdbb29e8122766e407fab/ruff-0.16.10-py3-none-macosx_11_0_arm64.whl", hash = "sha256:3031a4a2e8e7b8a46f70be45f198c35a11ece509a94b80334d8d397a33c67550", size = 9774282, upload-time = "2026-10-01T18:02:41.79Z" },
    { url = "https://files.pythonhosted.org/packages/6e/fb/470085af734da396e68cd80fb0a3e7c109a459716ae59588c0f6fab8a17d/ruff-0.16.10-py3-none-manylinux_2_17_aarch64.manylinux2014_aarch64.whl", hash = "sha256:494401c86df4c4c25f69b9419605d944467ee98c42fb6ad405ef4fa40b8fb67d", size = 9920895, upload-time = "2026-10-01T18:02:44.458Z" },
    { url = "https://files.pythonhosted.org/packages/57/de/f10cffe4f88a37ea6615ec460f01bf76f0bc1477737a35d9ee61a630a78b/ruff-0.16.10-py3-none-manylinux_2_17_armv7l.manylinux2014_armv7l.whl", hash = "sha256:d203abc0ff2b773ee33d00ab8df0bb67046fbc7c07b119332f08b9b345cf8221", size = 9902707, upload-time = "2026-10-01T18:02:47.041Z" },
    { url = "https://files.pythonhosted.org/packages/ff/44/3fdcedf83ae60ef837dd239170e480dce606a9142cfa2db911afdf855fd9/ruff-0.16.10-py3-none-manylinux_2_17_i686.manylinux2014_i686.whl", hash = "sha256:bd83d1235a5258d318477bc5b576303974cbdef5df0c01a1bff14efcc23bd12a", size = 10619287, upload-time = "2026-10-01T18:02:49.485Z" },
    { url = "https://files.pythonhosted.org/packages/c1/62/02e76a5574002153618eafbb70e159468addc72a5d2c488e65cbb4639d2d/ruff-0.16.10-py3-none-manylinux_2_17_ppc64le.manylinux2014_ppc64le.whl", hash = "sha256:bc2610fb269fa56dd8a68669ae470fa6272902668c0fc2ebc3aa112b2633d5b8", size = 11339942, upload-time = "2026-10-01T18:02:52.008Z" },
    { url = "https://files.pythonhosted.org/packages/6b/c4/cde27d47ad8d4126c587e608c67c46e7feac11763f606d261a1bc8a489e6/ruff-0.16.10-py3-none-manylinux_2_17_s390x.manylinux2014_s390x.whl", hash = "sha256:3e70175e29cc94c26ea296c80e470180b744b7419026898e58f520c6ab32578e", size = 10934316, upload-time = "2026-10-01T18:02:54.811Z" },
    { url = "https://files.pythonhosted.org/packages/e4/03/17234145f302a645a123e8c3bb2411ecf4669fbc350de3b0d803230a1729/ruff-0.16.10-py3-none-manylinux_2_17_x86_64.manylinux2014_x86_64.whl", hash = "sha256:f33f43a864a8483eebd160e713336c8bab02c934feaff0a33cf5ccb41546d09a", size = 10387968, upload-time = "2026-10-01T18:02:57.497Z" },
    { url = "https://files.pythonhosted.org/packages/71/29/2493af60240ee7644b38a4b821f5f9c3b5a4fa3178770fe1d0c685217395/ruff-0.16.10-py3-none-manylinux_2_31_riscv64.whl", hash = "sha256:1dfc6f0088149fb6a362c1c446bcbb3fd2157b3852fe2fa68409276eab9ad9b3", size = 10537906, upload-time = "2026-10-01T18:03:00.006Z" },
    { url = "https://files.pythonhosted.org/packages/2e/9a/f56b28f3b143bb9e518c34fb89ab191b626bca8b70dbf8af0d2e2d473572/ruff-0.16.10-py3-none-musllinux_1_2_aarch64.whl", hash = "sha256:6553498afc35f580f036030795810b9e6bcea31604b0fd9e8d352795473042e3", size = 10012938, upload-time = "2026-10-01T18:03:03.006Z" },
    { url = "https://files.pythonhosted.org/packages/c2/c4/fca37362848ea4d4d80712df13632e645e7c7cfb1bdedf140699ac7a090b/ruff-0.16.10-py3-none-musllinux_1_2_armv7l.whl", hash = "sha256:a3b8471dea115d37f123882be852bed13403746d3a76c11de4a19ec5f9ff5a03", size = 9897945, upload-time = "2026-10-01T18:03:05.818Z" },
    { url = "https://files.pythonhosted.org/packages/7d/c7/e0bc57664d6e0c61fd22f620af260fe9662d7e1ddb320ea7f160e76ef165/ruff-0.16.10-py3-none-musllinux_1_2_i686.whl", hash = "sha256:92e59a70bcbd9d3a5483656da906ec28edfdacfce00afd99edb8b4e9d15644be", size = 10333134, upload-time = "2026-10-01T18:03:08.25Z" },
    { url = "https://files.pythonhosted.org/packages/21/aa/5c9f3b68737c0e4a33a1db5dfab44f7b786d96ca91a7233112ddab1e6dc2/ruff-0.16.10-py3-none-musllinux_1_2_x86_64.whl", hash = "sha256:7ae7375f803b5520dc9f546bed7e3a0acb70b91812e9bb4b19927de22f25b77d", size = 10741702, upload-time = "2026-10-01T18:03:10.775Z" },
    { url = "https://files.pythonhosted.org/packages/78/fa/0f9c2020dc316c53d983be011720b8157cc052b97e3f4dfa7db6d0f880a6/ruff-0.16.10-py3-none-win32.whl", hash = "sha256:2a12e01cb9156c10c466f63b46eaae5ecea28dfbd21b5836353ae498e7d1349a", size = 10139176, upload-time = "2026-10-01T18:03:13.267Z" },
    { url = "https://files.pythonhosted.org/packages/99/29/cfb0df9448d4d4ad48c2de029ada9ebd71baa6da983a6c77ee6c6cd0fe82/ruff-0.16.10-py3-none-win_amd64.whl", hash = "sha256:97f2015c92aa97105b0eab19eb5d224884399281cfc5da86a92db4ab5e7fb2ca", size = 10584734, upload-time = "2026-10-01T18:03:16.006Z" },
    { url = "https://files.pythonhosted.org/packages/fc/05/c16957eb287c3fc062e032619a25868d93d408a844b725bcf514f7a378ff/ruff-0.16.10-py3-none-win_arm64.whl", hash = "sha256:25a65fe998c4e6861ec079ada5826a2fc605e6cbccbe9dcd7fac1f54e791621b", size = 10366440, upload-time = "2026-10-01T18:03:19.04Z" },
]

[[package]]
name = "typing-extensions"
version = "4.16.0"
source = { registry = "https://pypi.org/simple" }
sdist = { url = "https://files.pythonhosted.org/packages/f6/cc/6253133b5bb138fc3306cebfbda2c520f545d36b5be2c7255cc528bb45d6/typing_extensions-4.16.0.tar.gz", hash = "sha256:dc983d19a509c94dba722ee6abd33940f7c05a89e243c47e907eb4db6f1a43e5", size = 113555, upload-time = "2026-07-02T08:40:05.92Z" }
wheels = [
    { url = "https://files.pythonhosted.org/packages/49/d3/b8441a820a491ddfc024b0b0cf0393375b75ea13866d9c66727e54c2fc80/typing_extensions-4.16.0-py3-none-any.whl", hash = "sha256:481caa481374e813c1b176ada14e97f1f67a4539ce9cfeb3f350d78d6370c2e8", size = 45571, upload-time = "2026-07-02T08:40:04.659Z" },
]
